
Microsoft Visual Studio Solution File, Format Version 12.00
# Visual Studio Version 17
VisualStudioVersion = 17.2.32630.192
MinimumVisualStudioVersion = 10.0.40219.1
Project("{FAE04EC0-301F-11D3-BF4B-00C04F79EFBC}") = "PickACardUI", "PickACardUI\PickACardUI.csproj", "{5BCDC9AB-844F-4752-92C9-5A1BFE11830B}"
EndProject
Global
	GlobalSection(SolutionConfigurationPlatforms) = preSolution
		Debug|Any CPU = Debug|Any CPU
		Release|Any CPU = Release|Any CPU
	EndGlobalSection
	GlobalSection(ProjectConfigurationPlatforms) = postSolution
		{5BCDC9AB-844F-4752-92C9-5A1BFE11830B}.Debug|Any CPU.ActiveCfg = Debug|Any CPU
		{5BCDC9AB-844F-4752-92C9-5A1BFE11830B}.Debug|Any CPU.Build.0 = Debug|Any CPU
		{5BCDC9AB-844F-4752-92C9-5A1BFE11830B}.Release|Any CPU.ActiveCfg = Release|Any CPU
		{5BCDC9AB-844F-4752-92C9-5A1BFE11830B}.Release|Any CPU.Build.0 = Release|Any CPU
	EndGlobalSection
	GlobalSection(SolutionProperties) = preSolution
		HideSolutionNode = FALSE
	EndGlobalSection
	GlobalSection(ExtensibilityGlobals) = postSolution
		SolutionGuid = {C61147C4-358D-4E22-BF9E-43DB54FC06A3}
	EndGlobalSection
EndGlobal
